// !$*UTF8*$!
{
	archiveVersion = 1;
	classes = {
	};
	objectVersion = 46;
	objects = {

/* Begin PBXBuildFile section */
		A0CCA8AC1C9E725900891989 /* main.swift in Sources */ = {isa = PBXBuildFile; fileRef = A0CCA8AB1C9E725900891989 /* main.swift */; };
		A0CCA8B51C9E72E800891989 /* hello.c in Sources */ = {isa = PBXBuildFile; fileRef = A0CCA8B31C9E72E800891989 /* hello.c */; };
		A0CCA8B81C9E73A700891989 /* sayhello.mm in Sources */ = {isa = PBXBuildFile; fileRef = A0CCA8B71C9E73A700891989 /* sayhello.mm */; };
		A0CCA8BB1C9E74FE00891989 /* cpphello.cpp in Sources */ = {isa = PBXBuildFile; fileRef = A0CCA8B91C9E74FE00891989 /* cpphello.cpp */; };
/* End PBXBuildFile section */

/* Begin PBXCopyFilesBuildPhase section */
		A0CCA8A61C9E725900891989 /* CopyFiles */ = {
			isa = PBXCopyFilesBuildPhase;
			buildActionMask = 2147483647;
			dstPath = /usr/share/man/man1/;
			dstSubfolderSpec = 0;
			files = (
			);
			runOnlyForDeploymentPostprocessing = 1;
		};
/* End PBXCopyFilesBuildPhase section */

/* Begin PBXFileReference section */
		A0CCA8A81C9E725900891989 /* SwiftAndC */ = {isa = PBXFileReference; explicitFileType = "compiled.mach-o.executable"; includeInIndex = 0; path = SwiftAndC; sourceTree = BUILT_PRODUCTS_DIR; };
		A0CCA8AB1C9E725900891989 /* main.swift */ = {isa = PBXFileReference; lastKnownFileType = sourcecode.swift; path = main.swift; sourceTree = "<group>"; };
		A0CCA8B21C9E72E800891989 /* SwiftAndC-Bridging-Header.h */ = {isa = PBXFileReference; lastKnownFileType = sourcecode.c.h; path = "SwiftAndC-Bridging-Header.h"; sourceTree = "<group>"; };
		A0CCA8B31C9E72E800891989 /* hello.c */ = {isa = PBXFileReference; fileEncoding = 4; lastKnownFileType = sourcecode.c.c; path = hello.c; sourceTree = "<group>"; };
		A0CCA8B41C9E72E800891989 /* hello.h */ = {isa = PBXFileReference; fileEncoding = 4; lastKnownFileType = sourcecode.c.h; path = hello.h; sourceTree = "<group>"; };
		A0CCA8B61C9E73A700891989 /* sayhello.h */ = {isa = PBXFileReference; fileEncoding = 4; lastKnownFileType = sourcecode.c.h; path = sayhello.h; sourceTree = "<group>"; };
		A0CCA8B71C9E73A700891989 /* sayhello.mm */ = {isa = PBXFileReference; fileEncoding = 4; lastKnownFileType = sourcecode.cpp.objcpp; path = sayhello.mm; sourceTree = "<group>"; };
		A0CCA8B91C9E74FE00891989 /* cpphello.cpp */ = {isa = PBXFileReference; fileEncoding = 4; lastKnownFileType = sourcecode.cpp.cpp; path = cpphello.cpp; sourceTree = "<group>"; };
		A0CCA8BA1C9E74FE00891989 /* cpphello.hpp */ = {isa = PBXFileReference; fileEncoding = 4; lastKnownFileType = sourcecode.cpp.h; path = cpphello.hpp; sourceTree = "<group>"; };
/* End PBXFileReference section */

/* Begin PBXFrameworksBuildPhase section */
		A0CCA8A51C9E725900891989 /* Frameworks */ = {
			isa = PBXFrameworksBuildPhase;
			buildActionMask = 2147483647;
			files = (
			);
			runOnlyForDeploymentPostprocessing = 0;
		};
/* End PBXFrameworksBuildPhase section */

/* Begin PBXGroup section */
		A0CCA89F1C9E725900891989 = {
			isa = PBXGroup;
			children = (
				A0CCA8AA1C9E725900891989 /* SwiftAndC */,
				A0CCA8A91C9E725900891989 /* Products */,
			);
			sourceTree = "<group>";
		};
		A0CCA8A91C9E725900891989 /* Products */ = {
			isa = PBXGroup;
			children = (
				A0CCA8A81C9E725900891989 /* SwiftAndC */,
			);
			name = Products;
			sourceTree = "<group>";
		};
		A0CCA8AA1C9E725900891989 /* SwiftAndC */ = {
			isa = PBXGroup;
			children = (
				A0CCA8AB1C9E725900891989 /* main.swift */,
				A0CCA8B91C9E74FE00891989 /* cpphello.cpp */,
				A0CCA8BA1C9E74FE00891989 /* cpphello.hpp */,
				A0CCA8B61C9E73A700891989 /* sayhello.h */,
				A0CCA8B71C9E73A700891989 /* sayhello.mm */,
				A0CCA8B31C9E72E800891989 /* hello.c */,
				A0CCA8B41C9E72E800891989 /* hello.h */,
				A0CCA8B21C9E72E800891989 /* SwiftAndC-Bridging-Header.h */,
			);
			path = SwiftAndC;
			sourceTree = "<group>";
		};
/* End PBXGroup section */

/* Begin PBXNativeTarget section */
		A0CCA8A71C9E725900891989 /* SwiftAndC */ = {
			isa = PBXNativeTarget;
			buildConfigurationList = A0CCA8AF1C9E725900891989 /* Build configuration list for PBXNativeTarget "SwiftAndC" */;
			buildPhases = (
				A0CCA8A41C9E725900891989 /* Sources */,
				A0CCA8A51C9E725900891989 /* Frameworks */,
				A0CCA8A61C9E725900891989 /* CopyFiles */,
			);
			buildRules = (
			);
			dependencies = (
			);
			name = SwiftAndC;
			productName = SwiftAndC;
			productReference = A0CCA8A81C9E725900891989 /* SwiftAndC */;
			productType = "com.apple.product-type.tool";
		};
/* End PBXNativeTarget section */

/* Begin PBXProject section */
		A0CCA8A01C9E725900891989 /* Project object */ = {
			isa = PBXProject;
			attributes = {
				LastSwiftUpdateCheck = 0720;
				LastUpgradeCheck = 0720;
				ORGANIZATIONNAME = "陈培升";
				TargetAttributes = {
					A0CCA8A71C9E725900891989 = {
						CreatedOnToolsVersion = 7.2.1;
					};
				};
			};
			buildConfigurationList = A0CCA8A31C9E725900891989 /* Build configuration list for PBXProject "SwiftAndC" */;
			compatibilityVersion = "Xcode 3.2";
			developmentRegion = English;
			hasScannedForEncodings = 0;
			knownRegions = (
				en,
			);
			mainGroup = A0CCA89F1C9E725900891989;
			productRefGroup = A0CCA8A91C9E725900891989 /* Products */;
			projectDirPath = "";
			projectRoot = "";
			targets = (
				A0CCA8A71C9E725900891989 /* SwiftAndC */,
			);
		};
/* End PBXProject section */

/* Begin PBXSourcesBuildPhase section */
		A0CCA8A41C9E725900891989 /* Sources */ = {
			isa = PBXSourcesBuildPhase;
			buildActionMask = 2147483647;
			files = (
				A0CCA8BB1C9E74FE00891989 /* cpphello.cpp in Sources */,
				A0CCA8B51C9E72E800891989 /* hello.c in Sources */,
				A0CCA8AC1C9E725900891989 /* main.swift in Sources */,
				A0CCA8B81C9E73A700891989 /* sayhello.mm in Sources */,
			);
			runOnlyForDeploymentPostprocessing = 0;
		};
/* End PBXSourcesBuildPhase section */

/* Begin XCBuildConfiguration section */
		A0CCA8AD1C9E725900891989 /* Debug */ = {
			isa = XCBuildConfiguration;
			buildSettings = {
				ALWAYS_SEARCH_USER_PATHS = NO;
				CLANG_CXX_LANGUAGE_STANDARD = "gnu++0x";
				CLANG_CXX_LIBRARY = "libc++";
				CLANG_ENABLE_MODULES = YES;
				CLANG_ENABLE_OBJC_ARC = YES;
				CLANG_WARN_BOOL_CONVERSION = YES;
				CLANG_WARN_CONSTANT_CONVERSION = YES;
				CLANG_WARN_DIRECT_OBJC_ISA_USAGE = YES_ERROR;
				CLANG_WARN_EMPTY_BODY = YES;
				CLANG_WARN_ENUM_CONVERSION = YES;
				CLANG_WARN_INT_CONVERSION = YES;
				CLANG_WARN_OBJC_ROOT_CLASS = YES_ERROR;
				CLANG_WARN_UNREACHABLE_CODE = YES;
				CLANG_WARN__DUPLICATE_METHOD_MATCH = YES;
				CODE_SIGN_IDENTITY = "-";
				COPY_PHASE_STRIP = NO;
				DEBUG_INFORMATION_FORMAT = dwarf;
				ENABLE_STRICT_OBJC_MSGSEND = YES;
				ENABLE_TESTABILITY = YES;
				GCC_C_LANGUAGE_STANDARD = gnu99;
				GCC_DYNAMIC_NO_PIC = NO;
				GCC_NO_COMMON_BLOCKS = YES;
				GCC_OPTIMIZATION_LEVEL = 0;
				GCC_PREPROCESSOR_DEFINITIONS = (
					"DEBUG=1",
					"$(inherited)",
				);
				GCC_WARN_64_TO_32_BIT_CONVERSION = YES;
				GCC_WARN_ABOUT_RETURN_TYPE = YES_ERROR;
				GCC_WARN_UNDECLARED_SELECTOR = YES;
				GCC_WARN_UNINITIALIZED_AUTOS = YES_AGGRESSIVE;
				GCC_WARN_UNUSED_FUNCTION = YES;
				GCC_WARN_UNUSED_VARIABLE = YES;
				MACOSX_DEPLOYMENT_TARGET = 10.11;
				MTL_ENABLE_DEBUG_INFO = YES;
				ONLY_ACTIVE_ARCH = YES;
				SDKROOT = macosx;
				SWIFT_OPTIMIZATION_LEVEL = "-Onone";
			};
			name = Debug;
		};
		A0CCA8AE1C9E725900891989 /* Release */ = {
			isa = XCBuildConfiguration;
			buildSettings = {
				ALWAYS_SEARCH_USER_PATHS = NO;
				CLANG_CXX_LANGUAGE_STANDARD = "gnu++0x";
				CLANG_CXX_LIBRARY = "libc++";
				CLANG_ENABLE_MODULES = YES;
				CLANG_ENABLE_OBJC_ARC = YES;
				CLANG_WARN_BOOL_CONVERSION = YES;
				CLANG_WARN_CONSTANT_CONVERSION = YES;
				CLANG_WARN_DIRECT_OBJC_ISA_USAGE = YES_ERROR;
				CLANG_WARN_EMPTY_BODY = YES;
				CLANG_WARN_ENUM_CONVERSION = YES;
				CLANG_WARN_INT_CONVERSION = YES;
				CLANG_WARN_OBJC_ROOT_CLASS = YES_ERROR;
				CLANG_WARN_UNREACHABLE_CODE = YES;
				CLANG_WARN__DUPLICATE_METHOD_MATCH = YES;
				CODE_SIGN_IDENTITY = "-";
				COPY_PHASE_STRIP = NO;
				DEBUG_INFORMATION_FORMAT = "dwarf-with-dsym";
				ENABLE_NS_ASSERTIONS = NO;
				ENABLE_STRICT_OBJC_MSGSEND = YES;
				GCC_C_LANGUAGE_STANDARD = gnu99;
				GCC_NO_COMMON_BLOCKS = YES;
				GCC_WARN_64_TO_32_BIT_CONVERSION = YES;
				GCC_WARN_ABOUT_RETURN_TYPE = YES_ERROR;
				GCC_WARN_UNDECLARED_SELECTOR = YES;
				GCC_WARN_UNINITIALIZED_AUTOS = YES_AGGRESSIVE;
				GCC_WARN_UNUSED_FUNCTION = YES;
				GCC_WARN_UNUSED_VARIABLE = YES;
				MACOSX_DEPLOYMENT_TARGET = 10.11;
				MTL_ENABLE_DEBUG_INFO = NO;
				SDKROOT = macosx;
			};
			name = Release;
		};
		A0CCA8B01C9E725900891989 /* Debug */ = {
			isa = XCBuildConfiguration;
			buildSettings = {
				CLANG_ENABLE_MODULES = YES;
				LD_RUNPATH_SEARCH_PATHS = "$(inherited) @executable_path/../Frameworks @loader_path/../Frameworks";
				PRODUCT_NAME = "$(TARGET_NAME)";
				SWIFT_OBJC_BRIDGING_HEADER = "SwiftAndC/SwiftAndC-Bridging-Header.h";
				SWIFT_OPTIMIZATION_LEVEL = "-Onone";
			};
			name = Debug;
		};
		A0CCA8B11C9E725900891989 /* Release */ = {
			isa = XCBuildConfiguration;
			buildSettings = {
				CLANG_ENABLE_MODULES = YES;
				LD_RUNPATH_SEARCH_PATHS = "$(inherited) @executable_path/../Frameworks @loader_path/../Frameworks";
				PRODUCT_NAME = "$(TARGET_NAME)";
				SWIFT_OBJC_BRIDGING_HEADER = "SwiftAndC/SwiftAndC-Bridging-Header.h";
			};
			name = Release;
		};
/* End XCBuildConfiguration section */

/* Begin XCConfigurationList section */
		A0CCA8A31C9E725900891989 /* Build configuration list for PBXProject "SwiftAndC" */ = {
			isa = XCConfigurationList;
			buildConfigurations = (
				A0CCA8AD1C9E725900891989 /* Debug */,
				A0CCA8AE1C9E725900891989 /* Release */,
			);
			defaultConfigurationIsVisible = 0;
			defaultConfigurationName = Release;
		};
		A0CCA8AF1C9E725900891989 /* Build configuration list for PBXNativeTarget "SwiftAndC" */ = {
			isa = XCConfigurationList;
			buildConfigurations = (
				A0CCA8B01C9E725900891989 /* Debug */,
				A0CCA8B11C9E725900891989 /* Release */,
			);
			defaultConfigurationIsVisible = 0;
		};
/* End XCConfigurationList section */
	};
	rootObject = A0CCA8A01C9E725900891989 /* Project object */;
}
