// !$*UTF8*$!
{
	archiveVersion = 1;
	classes = {
	};
	objectVersion = 46;
	objects = {

/* Begin PBXBuildFile section */
		742E32371C847507009A3B31 /* main.swift in Sources */ = {isa = PBXBuildFile; fileRef = 742E32361C847507009A3B31 /* main.swift */; };
		742E32401C847921009A3B31 /* girlfriend.swift in Sources */ = {isa = PBXBuildFile; fileRef = 742E323F1C847921009A3B31 /* girlfriend.swift */; };
		742E32421C847C85009A3B31 /* rand.swift in Sources */ = {isa = PBXBuildFile; fileRef = 742E32411C847C85009A3B31 /* rand.swift */; };
/* End PBXBuildFile section */

/* Begin PBXCopyFilesBuildPhase section */
		742E32311C847507009A3B31 /* CopyFiles */ = {
			isa = PBXCopyFilesBuildPhase;
			buildActionMask = 2147483647;
			dstPath = /usr/share/man/man1/;
			dstSubfolderSpec = 0;
			files = (
			);
			runOnlyForDeploymentPostprocessing = 1;
		};
/* End PBXCopyFilesBuildPhase section */

/* Begin PBXFileReference section */
		742E32331C847507009A3B31 /* class */ = {isa = PBXFileReference; explicitFileType = "compiled.mach-o.executable"; includeInIndex = 0; path = class; sourceTree = BUILT_PRODUCTS_DIR; };
		742E32361C847507009A3B31 /* main.swift */ = {isa = PBXFileReference; lastKnownFileType = sourcecode.swift; path = main.swift; sourceTree = "<group>"; };
		742E323F1C847921009A3B31 /* girlfriend.swift */ = {isa = PBXFileReference; fileEncoding = 4; lastKnownFileType = sourcecode.swift; path = girlfriend.swift; sourceTree = "<group>"; };
		742E32411C847C85009A3B31 /* rand.swift */ = {isa = PBXFileReference; fileEncoding = 4; lastKnownFileType = sourcecode.swift; path = rand.swift; sourceTree = "<group>"; };
/* End PBXFileReference section */

/* Begin PBXFrameworksBuildPhase section */
		742E32301C847507009A3B31 /* Frameworks */ = {
			isa = PBXFrameworksBuildPhase;
			buildActionMask = 2147483647;
			files = (
			);
			runOnlyForDeploymentPostprocessing = 0;
		};
/* End PBXFrameworksBuildPhase section */

/* Begin PBXGroup section */
		742E322A1C847507009A3B31 = {
			isa = PBXGroup;
			children = (
				742E32351C847507009A3B31 /* class */,
				742E32341C847507009A3B31 /* Products */,
			);
			sourceTree = "<group>";
		};
		742E32341C847507009A3B31 /* Products */ = {
			isa = PBXGroup;
			children = (
				742E32331C847507009A3B31 /* class */,
			);
			name = Products;
			sourceTree = "<group>";
		};
		742E32351C847507009A3B31 /* class */ = {
			isa = PBXGroup;
			children = (
				742E32361C847507009A3B31 /* main.swift */,
				742E323F1C847921009A3B31 /* girlfriend.swift */,
				742E32411C847C85009A3B31 /* rand.swift */,
			);
			path = class;
			sourceTree = "<group>";
		};
/* End PBXGroup section */

/* Begin PBXNativeTarget section */
		742E32321C847507009A3B31 /* class */ = {
			isa = PBXNativeTarget;
			buildConfigurationList = 742E323A1C847507009A3B31 /* Build configuration list for PBXNativeTarget "class" */;
			buildPhases = (
				742E322F1C847507009A3B31 /* Sources */,
				742E32301C847507009A3B31 /* Frameworks */,
				742E32311C847507009A3B31 /* CopyFiles */,
			);
			buildRules = (
			);
			dependencies = (
			);
			name = class;
			productName = class;
			productReference = 742E32331C847507009A3B31 /* class */;
			productType = "com.apple.product-type.tool";
		};
/* End PBXNativeTarget section */

/* Begin PBXProject section */
		742E322B1C847507009A3B31 /* Project object */ = {
			isa = PBXProject;
			attributes = {
				LastSwiftUpdateCheck = 0720;
				LastUpgradeCheck = 0720;
				ORGANIZATIONNAME = "陈培升";
				TargetAttributes = {
					742E32321C847507009A3B31 = {
						CreatedOnToolsVersion = 7.2.1;
					};
				};
			};
			buildConfigurationList = 742E322E1C847507009A3B31 /* Build configuration list for PBXProject "class" */;
			compatibilityVersion = "Xcode 3.2";
			developmentRegion = English;
			hasScannedForEncodings = 0;
			knownRegions = (
				en,
			);
			mainGroup = 742E322A1C847507009A3B31;
			productRefGroup = 742E32341C847507009A3B31 /* Products */;
			projectDirPath = "";
			projectRoot = "";
			targets = (
				742E32321C847507009A3B31 /* class */,
			);
		};
/* End PBXProject section */

/* Begin PBXSourcesBuildPhase section */
		742E322F1C847507009A3B31 /* Sources */ = {
			isa = PBXSourcesBuildPhase;
			buildActionMask = 2147483647;
			files = (
				742E32371C847507009A3B31 /* main.swift in Sources */,
				742E32401C847921009A3B31 /* girlfriend.swift in Sources */,
				742E32421C847C85009A3B31 /* rand.swift in Sources */,
			);
			runOnlyForDeploymentPostprocessing = 0;
		};
/* End PBXSourcesBuildPhase section */

/* Begin XCBuildConfiguration section */
		742E32381C847507009A3B31 /* Debug */ = {
			isa = XCBuildConfiguration;
			buildSettings = {
				ALWAYS_SEARCH_USER_PATHS = NO;
				CLANG_CXX_LANGUAGE_STANDARD = "gnu++0x";
				CLANG_CXX_LIBRARY = "libc++";
				CLANG_ENABLE_MODULES = YES;
				CLANG_ENABLE_OBJC_ARC = YES;
				CLANG_WARN_BOOL_CONVERSION = YES;
				CLANG_WARN_CONSTANT_CONVERSION = YES;
				CLANG_WARN_DIRECT_OBJC_ISA_USAGE = YES_ERROR;
				CLANG_WARN_EMPTY_BODY = YES;
				CLANG_WARN_ENUM_CONVERSION = YES;
				CLANG_WARN_INT_CONVERSION = YES;
				CLANG_WARN_OBJC_ROOT_CLASS = YES_ERROR;
				CLANG_WARN_UNREACHABLE_CODE = YES;
				CLANG_WARN__DUPLICATE_METHOD_MATCH = YES;
				CODE_SIGN_IDENTITY = "-";
				COPY_PHASE_STRIP = NO;
				DEBUG_INFORMATION_FORMAT = dwarf;
				ENABLE_STRICT_OBJC_MSGSEND = YES;
				ENABLE_TESTABILITY = YES;
				GCC_C_LANGUAGE_STANDARD = gnu99;
				GCC_DYNAMIC_NO_PIC = NO;
				GCC_NO_COMMON_BLOCKS = YES;
				GCC_OPTIMIZATION_LEVEL = 0;
				GCC_PREPROCESSOR_DEFINITIONS = (
					"DEBUG=1",
					"$(inherited)",
				);
				GCC_WARN_64_TO_32_BIT_CONVERSION = YES;
				GCC_WARN_ABOUT_RETURN_TYPE = YES_ERROR;
				GCC_WARN_UNDECLARED_SELECTOR = YES;
				GCC_WARN_UNINITIALIZED_AUTOS = YES_AGGRESSIVE;
				GCC_WARN_UNUSED_FUNCTION = YES;
				GCC_WARN_UNUSED_VARIABLE = YES;
				MACOSX_DEPLOYMENT_TARGET = 10.11;
				MTL_ENABLE_DEBUG_INFO = YES;
				ONLY_ACTIVE_ARCH = YES;
				SDKROOT = macosx;
				SWIFT_OPTIMIZATION_LEVEL = "-Onone";
			};
			name = Debug;
		};
		742E32391C847507009A3B31 /* Release */ = {
			isa = XCBuildConfiguration;
			buildSettings = {
				ALWAYS_SEARCH_USER_PATHS = NO;
				CLANG_CXX_LANGUAGE_STANDARD = "gnu++0x";
				CLANG_CXX_LIBRARY = "libc++";
				CLANG_ENABLE_MODULES = YES;
				CLANG_ENABLE_OBJC_ARC = YES;
				CLANG_WARN_BOOL_CONVERSION = YES;
				CLANG_WARN_CONSTANT_CONVERSION = YES;
				CLANG_WARN_DIRECT_OBJC_ISA_USAGE = YES_ERROR;
				CLANG_WARN_EMPTY_BODY = YES;
				CLANG_WARN_ENUM_CONVERSION = YES;
				CLANG_WARN_INT_CONVERSION = YES;
				CLANG_WARN_OBJC_ROOT_CLASS = YES_ERROR;
				CLANG_WARN_UNREACHABLE_CODE = YES;
				CLANG_WARN__DUPLICATE_METHOD_MATCH = YES;
				CODE_SIGN_IDENTITY = "-";
				COPY_PHASE_STRIP = NO;
				DEBUG_INFORMATION_FORMAT = "dwarf-with-dsym";
				ENABLE_NS_ASSERTIONS = NO;
				ENABLE_STRICT_OBJC_MSGSEND = YES;
				GCC_C_LANGUAGE_STANDARD = gnu99;
				GCC_NO_COMMON_BLOCKS = YES;
				GCC_WARN_64_TO_32_BIT_CONVERSION = YES;
				GCC_WARN_ABOUT_RETURN_TYPE = YES_ERROR;
				GCC_WARN_UNDECLARED_SELECTOR = YES;
				GCC_WARN_UNINITIALIZED_AUTOS = YES_AGGRESSIVE;
				GCC_WARN_UNUSED_FUNCTION = YES;
				GCC_WARN_UNUSED_VARIABLE = YES;
				MACOSX_DEPLOYMENT_TARGET = 10.11;
				MTL_ENABLE_DEBUG_INFO = NO;
				SDKROOT = macosx;
			};
			name = Release;
		};
		742E323B1C847507009A3B31 /* Debug */ = {
			isa = XCBuildConfiguration;
			buildSettings = {
				PRODUCT_NAME = "$(TARGET_NAME)";
			};
			name = Debug;
		};
		742E323C1C847507009A3B31 /* Release */ = {
			isa = XCBuildConfiguration;
			buildSettings = {
				PRODUCT_NAME = "$(TARGET_NAME)";
			};
			name = Release;
		};
/* End XCBuildConfiguration section */

/* Begin XCConfigurationList section */
		742E322E1C847507009A3B31 /* Build configuration list for PBXProject "class" */ = {
			isa = XCConfigurationList;
			buildConfigurations = (
				742E32381C847507009A3B31 /* Debug */,
				742E32391C847507009A3B31 /* Release */,
			);
			defaultConfigurationIsVisible = 0;
			defaultConfigurationName = Release;
		};
		742E323A1C847507009A3B31 /* Build configuration list for PBXNativeTarget "class" */ = {
			isa = XCConfigurationList;
			buildConfigurations = (
				742E323B1C847507009A3B31 /* Debug */,
				742E323C1C847507009A3B31 /* Release */,
			);
			defaultConfigurationIsVisible = 0;
		};
/* End XCConfigurationList section */
	};
	rootObject = 742E322B1C847507009A3B31 /* Project object */;
}
